
Microsoft Visual Studio Solution File, Format Version 12.00
# Visual Studio Version 17
VisualStudioVersion = 17.14.36623.8 d17.14
MinimumVisualStudioVersion = 10.0.40219.1
Project("{FAE04EC0-301F-11D3-BF4B-00C04F79EFBC}") = "Staylio", "Staylio\Staylio.csproj", "{FA6AD136-52BD-44EF-8567-5E3474DF05EC}"
EndProject
Global
	GlobalSection(SolutionConfigurationPlatforms) = preSolution
		Debug|Any CPU = Debug|Any CPU
		Release|Any CPU = Release|Any CPU
	EndGlobalSection
	GlobalSection(ProjectConfigurationPlatforms) = postSolution
		{FA6AD136-52BD-44EF-8567-5E3474DF05EC}.Debug|Any CPU.ActiveCfg = Debug|Any CPU
		{FA6AD136-52BD-44EF-8567-5E3474DF05EC}.Debug|Any CPU.Build.0 = Debug|Any CPU
		{FA6AD136-52BD-44EF-8567-5E3474DF05EC}.Release|Any CPU.ActiveCfg = Release|Any CPU
		{FA6AD136-52BD-44EF-8567-5E3474DF05EC}.Release|Any CPU.Build.0 = Release|Any CPU
	EndGlobalSection
	GlobalSection(SolutionProperties) = preSolution
		HideSolutionNode = FALSE
	EndGlobalSection
	GlobalSection(ExtensibilityGlobals) = postSolution
		SolutionGuid = {C1834D32-ACCA-4A70-98AE-EAC8BF8C8757}
	EndGlobalSection
EndGlobal
